
Microsoft Visual Studio Solution File, Format Version 12.00
# Visual Studio Version 17
VisualStudioVersion = 17.14.36327.8
MinimumVisualStudioVersion = 10.0.40219.1
Project("{FAE04EC0-301F-11D3-BF4B-00C04F79EFBC}") = "NewSite.Web", "NewSite.Web\NewSite.Web.csproj", "{BBC76A82-B0F8-43DC-A187-2B17AA460ED5}"
EndProject
Project("{FAE04EC0-301F-11D3-BF4B-00C04F79EFBC}") = "NewSite.Common", "NewSite.Common\NewSite.Common.csproj", "{0D4EF974-A751-6911-CFFF-560D165B3CE1}"
EndProject
Global
	GlobalSection(SolutionConfigurationPlatforms) = preSolution
		Debug|Any CPU = Debug|Any CPU
		Release|Any CPU = Release|Any CPU
	EndGlobalSection
	GlobalSection(ProjectConfigurationPlatforms) = postSolution
		{BBC76A82-B0F8-43DC-A187-2B17AA460ED5}.Debug|Any CPU.ActiveCfg = Debug|Any CPU
		{BBC76A82-B0F8-43DC-A187-2B17AA460ED5}.Debug|Any CPU.Build.0 = Debug|Any CPU
		{BBC76A82-B0F8-43DC-A187-2B17AA460ED5}.Release|Any CPU.ActiveCfg = Release|Any CPU
		{BBC76A82-B0F8-43DC-A187-2B17AA460ED5}.Release|Any CPU.Build.0 = Release|Any CPU
		{0D4EF974-A751-6911-CFFF-560D165B3CE1}.Debug|Any CPU.ActiveCfg = Debug|Any CPU
		{0D4EF974-A751-6911-CFFF-560D165B3CE1}.Debug|Any CPU.Build.0 = Debug|Any CPU
		{0D4EF974-A751-6911-CFFF-560D165B3CE1}.Release|Any CPU.ActiveCfg = Release|Any CPU
		{0D4EF974-A751-6911-CFFF-560D165B3CE1}.Release|Any CPU.Build.0 = Release|Any CPU
	EndGlobalSection
	GlobalSection(SolutionProperties) = preSolution
		HideSolutionNode = FALSE
	EndGlobalSection
	GlobalSection(ExtensibilityGlobals) = postSolution
		SolutionGuid = {9F18D99C-999A-4F61-AD6E-1E9D5200D40B}
	EndGlobalSection
EndGlobal
